// !$*UTF8*$!
{
	archiveVersion = 1;
	classes = {
	};
	objectVersion = 50;
	objects = {

/* Begin PBXBuildFile section */
		D51390F42318FB53003401EB /* AppDelegate.swift in Sources */ = {isa = PBXBuildFile; fileRef = D51390F32318FB53003401EB /* AppDelegate.swift */; };
		D51390F62318FB53003401EB /* ViewController.swift in Sources */ = {isa = PBXBuildFile; fileRef = D51390F52318FB53003401EB /* ViewController.swift */; };
		D51390F92318FB53003401EB /* Main.storyboard in Resources */ = {isa = PBXBuildFile; fileRef = D51390F72318FB53003401EB /* Main.storyboard */; };
		D51390FB2318FB54003401EB /* Assets.xcassets in Resources */ = {isa = PBXBuildFile; fileRef = D51390FA2318FB54003401EB /* Assets.xcassets */; };
		D51390FE2318FB54003401EB /* LaunchScreen.storyboard in Resources */ = {isa = PBXBuildFile; fileRef = D51390FC2318FB54003401EB /* LaunchScreen.storyboard */; };
		D51F13D8231E7CD3006FC8CC /* NearByViewController.swift in Sources */ = {isa = PBXBuildFile; fileRef = D51F13D7231E7CD3006FC8CC /* NearByViewController.swift */; };
		FA91E3F3231BD27A00FBCF15 /* BLEService.swift in Sources */ = {isa = PBXBuildFile; fileRef = FA91E3F2231BD27A00FBCF15 /* BLEService.swift */; };
		FA91E3F5231BD2AF00FBCF15 /* BLEProtocol.swift in Sources */ = {isa = PBXBuildFile; fileRef = FA91E3F4231BD2AF00FBCF15 /* BLEProtocol.swift */; };
		FA91E3F7231BD59900FBCF15 /* Define.swift in Sources */ = {isa = PBXBuildFile; fileRef = FA91E3F6231BD59900FBCF15 /* Define.swift */; };
/* End PBXBuildFile section */

/* Begin PBXFileReference section */
		D51390F02318FB53003401EB /* BLETooth.app */ = {isa = PBXFileReference; explicitFileType = wrapper.application; includeInIndex = 0; path = BLETooth.app; sourceTree = BUILT_PRODUCTS_DIR; };
		D51390F32318FB53003401EB /* AppDelegate.swift */ = {isa = PBXFileReference; lastKnownFileType = sourcecode.swift; path = AppDelegate.swift; sourceTree = "<group>"; };
		D51390F52318FB53003401EB /* ViewController.swift */ = {isa = PBXFileReference; lastKnownFileType = sourcecode.swift; path = ViewController.swift; sourceTree = "<group>"; };
		D51390F82318FB53003401EB /* Base */ = {isa = PBXFileReference; lastKnownFileType = file.storyboard; name = Base; path = Base.lproj/Main.storyboard; sourceTree = "<group>"; };
		D51390FA2318FB54003401EB /* Assets.xcassets */ = {isa = PBXFileReference; lastKnownFileType = folder.assetcatalog; path = Assets.xcassets; sourceTree = "<group>"; };
		D51390FD2318FB54003401EB /* Base */ = {isa = PBXFileReference; lastKnownFileType = file.storyboard; name = Base; path = Base.lproj/LaunchScreen.storyboard; sourceTree = "<group>"; };
		D51390FF2318FB54003401EB /* Info.plist */ = {isa = PBXFileReference; lastKnownFileType = text.plist.xml; path = Info.plist; sourceTree = "<group>"; };
		D51F13D7231E7CD3006FC8CC /* NearByViewController.swift */ = {isa = PBXFileReference; lastKnownFileType = sourcecode.swift; path = NearByViewController.swift; sourceTree = "<group>"; };
		FA91E3F2231BD27A00FBCF15 /* BLEService.swift */ = {isa = PBXFileReference; lastKnownFileType = sourcecode.swift; path = BLEService.swift; sourceTree = "<group>"; };
		FA91E3F4231BD2AF00FBCF15 /* BLEProtocol.swift */ = {isa = PBXFileReference; lastKnownFileType = sourcecode.swift; path = BLEProtocol.swift; sourceTree = "<group>"; };
		FA91E3F6231BD59900FBCF15 /* Define.swift */ = {isa = PBXFileReference; fileEncoding = 4; lastKnownFileType = sourcecode.swift; name = Define.swift; path = class/Define.swift; sourceTree = SOURCE_ROOT; };
/* End PBXFileReference section */

/* Begin PBXFrameworksBuildPhase section */
		D51390ED2318FB53003401EB /* Frameworks */ = {
			isa = PBXFrameworksBuildPhase;
			buildActionMask = 2147483647;
			files = (
			);
			runOnlyForDeploymentPostprocessing = 0;
		};
/* End PBXFrameworksBuildPhase section */

/* Begin PBXGroup section */
		D51390E72318FB53003401EB = {
			isa = PBXGroup;
			children = (
				D51390F22318FB53003401EB /* BLETooth */,
				D51390F12318FB53003401EB /* Products */,
			);
			sourceTree = "<group>";
		};
		D51390F12318FB53003401EB /* Products */ = {
			isa = PBXGroup;
			children = (
				D51390F02318FB53003401EB /* BLETooth.app */,
			);
			name = Products;
			sourceTree = "<group>";
		};
		D51390F22318FB53003401EB /* BLETooth */ = {
			isa = PBXGroup;
			children = (
				FA91E3F1231BD26100FBCF15 /* class */,
				D51390F32318FB53003401EB /* AppDelegate.swift */,
				D51390F52318FB53003401EB /* ViewController.swift */,
				D51F13D7231E7CD3006FC8CC /* NearByViewController.swift */,
				D51390F72318FB53003401EB /* Main.storyboard */,
				D51390FA2318FB54003401EB /* Assets.xcassets */,
				D51390FC2318FB54003401EB /* LaunchScreen.storyboard */,
				D51390FF2318FB54003401EB /* Info.plist */,
			);
			path = BLETooth;
			sourceTree = "<group>";
		};
		FA91E3F1231BD26100FBCF15 /* class */ = {
			isa = PBXGroup;
			children = (
				FA91E3F2231BD27A00FBCF15 /* BLEService.swift */,
				FA91E3F4231BD2AF00FBCF15 /* BLEProtocol.swift */,
				FA91E3F6231BD59900FBCF15 /* Define.swift */,
			);
			path = class;
			sourceTree = "<group>";
		};
/* End PBXGroup section */

/* Begin PBXNativeTarget section */
		D51390EF2318FB53003401EB /* BLETooth */ = {
			isa = PBXNativeTarget;
			buildConfigurationList = D51391022318FB54003401EB /* Build configuration list for PBXNativeTarget "BLETooth" */;
			buildPhases = (
				D51390EC2318FB53003401EB /* Sources */,
				D51390ED2318FB53003401EB /* Frameworks */,
				D51390EE2318FB53003401EB /* Resources */,
			);
			buildRules = (
			);
			dependencies = (
			);
			name = BLETooth;
			productName = BLETooth;
			productReference = D51390F02318FB53003401EB /* BLETooth.app */;
			productType = "com.apple.product-type.application";
		};
/* End PBXNativeTarget section */

/* Begin PBXProject section */
		D51390E82318FB53003401EB /* Project object */ = {
			isa = PBXProject;
			attributes = {
				LastSwiftUpdateCheck = 1030;
				LastUpgradeCheck = 1030;
				ORGANIZATIONNAME = LionPig;
				TargetAttributes = {
					D51390EF2318FB53003401EB = {
						CreatedOnToolsVersion = 10.3;
						SystemCapabilities = {
							com.apple.BackgroundModes = {
								enabled = 1;
							};
						};
					};
				};
			};
			buildConfigurationList = D51390EB2318FB53003401EB /* Build configuration list for PBXProject "BLETooth" */;
			compatibilityVersion = "Xcode 9.3";
			developmentRegion = en;
			hasScannedForEncodings = 0;
			knownRegions = (
				en,
				Base,
			);
			mainGroup = D51390E72318FB53003401EB;
			productRefGroup = D51390F12318FB53003401EB /* Products */;
			projectDirPath = "";
			projectRoot = "";
			targets = (
				D51390EF2318FB53003401EB /* BLETooth */,
			);
		};
/* End PBXProject section */

/* Begin PBXResourcesBuildPhase section */
		D51390EE2318FB53003401EB /* Resources */ = {
			isa = PBXResourcesBuildPhase;
			buildActionMask = 2147483647;
			files = (
				D51390FE2318FB54003401EB /* LaunchScreen.storyboard in Resources */,
				D51390FB2318FB54003401EB /* Assets.xcassets in Resources */,
				D51390F92318FB53003401EB /* Main.storyboard in Resources */,
			);
			runOnlyForDeploymentPostprocessing = 0;
		};
/* End PBXResourcesBuildPhase section */

/* Begin PBXSourcesBuildPhase section */
		D51390EC2318FB53003401EB /* Sources */ = {
			isa = PBXSourcesBuildPhase;
			buildActionMask = 2147483647;
			files = (
				D51390F62318FB53003401EB /* ViewController.swift in Sources */,
				FA91E3F5231BD2AF00FBCF15 /* BLEProtocol.swift in Sources */,
				D51390F42318FB53003401EB /* AppDelegate.swift in Sources */,
				FA91E3F7231BD59900FBCF15 /* Define.swift in Sources */,
				FA91E3F3231BD27A00FBCF15 /* BLEService.swift in Sources */,
				D51F13D8231E7CD3006FC8CC /* NearByViewController.swift in Sources */,
			);
			runOnlyForDeploymentPostprocessing = 0;
		};
/* End PBXSourcesBuildPhase section */

/* Begin PBXVariantGroup section */
		D51390F72318FB53003401EB /* Main.storyboard */ = {
			isa = PBXVariantGroup;
			children = (
				D51390F82318FB53003401EB /* Base */,
			);
			name = Main.storyboard;
			sourceTree = "<group>";
		};
		D51390FC2318FB54003401EB /* LaunchScreen.storyboard */ = {
			isa = PBXVariantGroup;
			children = (
				D51390FD2318FB54003401EB /* Base */,
			);
			name = LaunchScreen.storyboard;
			sourceTree = "<group>";
		};
/* End PBXVariantGroup section */

/* Begin XCBuildConfiguration section */
		D51391002318FB54003401EB /* Debug */ = {
			isa = XCBuildConfiguration;
			buildSettings = {
				ALWAYS_SEARCH_USER_PATHS = NO;
				CLANG_ANALYZER_NONNULL = YES;
				CLANG_ANALYZER_NUMBER_OBJECT_CONVERSION = YES_AGGRESSIVE;
				CLANG_CXX_LANGUAGE_STANDARD = "gnu++14";
				CLANG_CXX_LIBRARY = "libc++";
				CLANG_ENABLE_MODULES = YES;
				CLANG_ENABLE_OBJC_ARC = YES;
				CLANG_ENABLE_OBJC_WEAK = YES;
				CLANG_WARN_BLOCK_CAPTURE_AUTORELEASING = YES;
				CLANG_WARN_BOOL_CONVERSION = YES;
				CLANG_WARN_COMMA = YES;
				CLANG_WARN_CONSTANT_CONVERSION = YES;
				CLANG_WARN_DEPRECATED_OBJC_IMPLEMENTATIONS = YES;
				CLANG_WARN_DIRECT_OBJC_ISA_USAGE = YES_ERROR;
				CLANG_WARN_DOCUMENTATION_COMMENTS = YES;
				CLANG_WARN_EMPTY_BODY = YES;
				CLANG_WARN_ENUM_CONVERSION = YES;
				CLANG_WARN_INFINITE_RECURSION = YES;
				CLANG_WARN_INT_CONVERSION = YES;
				CLANG_WARN_NON_LITERAL_NULL_CONVERSION = YES;
				CLANG_WARN_OBJC_IMPLICIT_RETAIN_SELF = YES;
				CLANG_WARN_OBJC_LITERAL_CONVERSION = YES;
				CLANG_WARN_OBJC_ROOT_CLASS = YES_ERROR;
				CLANG_WARN_RANGE_LOOP_ANALYSIS = YES;
				CLANG_WARN_STRICT_PROTOTYPES = YES;
				CLANG_WARN_SUSPICIOUS_MOVE = YES;
				CLANG_WARN_UNGUARDED_AVAILABILITY = YES_AGGRESSIVE;
				CLANG_WARN_UNREACHABLE_CODE = YES;
				CLANG_WARN__DUPLICATE_METHOD_MATCH = YES;
				CODE_SIGN_IDENTITY = "iPhone Developer";
				COPY_PHASE_STRIP = NO;
				DEBUG_INFORMATION_FORMAT = dwarf;
				ENABLE_STRICT_OBJC_MSGSEND = YES;
				ENABLE_TESTABILITY = YES;
				GCC_C_LANGUAGE_STANDARD = gnu11;
				GCC_DYNAMIC_NO_PIC = NO;
				GCC_NO_COMMON_BLOCKS = YES;
				GCC_OPTIMIZATION_LEVEL = 0;
				GCC_PREPROCESSOR_DEFINITIONS = (
					"DEBUG=1",
					"$(inherited)",
				);
				GCC_WARN_64_TO_32_BIT_CONVERSION = YES;
				GCC_WARN_ABOUT_RETURN_TYPE = YES_ERROR;
				GCC_WARN_UNDECLARED_SELECTOR = YES;
				GCC_WARN_UNINITIALIZED_AUTOS = YES_AGGRESSIVE;
				GCC_WARN_UNUSED_FUNCTION = YES;
				GCC_WARN_UNUSED_VARIABLE = YES;
				IPHONEOS_DEPLOYMENT_TARGET = 12.4;
				MTL_ENABLE_DEBUG_INFO = INCLUDE_SOURCE;
				MTL_FAST_MATH = YES;
				ONLY_ACTIVE_ARCH = YES;
				SDKROOT = iphoneos;
				SWIFT_ACTIVE_COMPILATION_CONDITIONS = DEBUG;
				SWIFT_OPTIMIZATION_LEVEL = "-Onone";
			};
			name = Debug;
		};
		D51391012318FB54003401EB /* Release */ = {
			isa = XCBuildConfiguration;
			buildSettings = {
				ALWAYS_SEARCH_USER_PATHS = NO;
				CLANG_ANALYZER_NONNULL = YES;
				CLANG_ANALYZER_NUMBER_OBJECT_CONVERSION = YES_AGGRESSIVE;
				CLANG_CXX_LANGUAGE_STANDARD = "gnu++14";
				CLANG_CXX_LIBRARY = "libc++";
				CLANG_ENABLE_MODULES = YES;
				CLANG_ENABLE_OBJC_ARC = YES;
				CLANG_ENABLE_OBJC_WEAK = YES;
				CLANG_WARN_BLOCK_CAPTURE_AUTORELEASING = YES;
				CLANG_WARN_BOOL_CONVERSION = YES;
				CLANG_WARN_COMMA = YES;
				CLANG_WARN_CONSTANT_CONVERSION = YES;
				CLANG_WARN_DEPRECATED_OBJC_IMPLEMENTATIONS = YES;
				CLANG_WARN_DIRECT_OBJC_ISA_USAGE = YES_ERROR;
				CLANG_WARN_DOCUMENTATION_COMMENTS = YES;
				CLANG_WARN_EMPTY_BODY = YES;
				CLANG_WARN_ENUM_CONVERSION = YES;
				CLANG_WARN_INFINITE_RECURSION = YES;
				CLANG_WARN_INT_CONVERSION = YES;
				CLANG_WARN_NON_LITERAL_NULL_CONVERSION = YES;
				CLANG_WARN_OBJC_IMPLICIT_RETAIN_SELF = YES;
				CLANG_WARN_OBJC_LITERAL_CONVERSION = YES;
				CLANG_WARN_OBJC_ROOT_CLASS = YES_ERROR;
				CLANG_WARN_RANGE_LOOP_ANALYSIS = YES;
				CLANG_WARN_STRICT_PROTOTYPES = YES;
				CLANG_WARN_SUSPICIOUS_MOVE = YES;
				CLANG_WARN_UNGUARDED_AVAILABILITY = YES_AGGRESSIVE;
				CLANG_WARN_UNREACHABLE_CODE = YES;
				CLANG_WARN__DUPLICATE_METHOD_MATCH = YES;
				CODE_SIGN_IDENTITY = "iPhone Developer";
				COPY_PHASE_STRIP = NO;
				DEBUG_INFORMATION_FORMAT = "dwarf-with-dsym";
				ENABLE_NS_ASSERTIONS = NO;
				ENABLE_STRICT_OBJC_MSGSEND = YES;
				GCC_C_LANGUAGE_STANDARD = gnu11;
				GCC_NO_COMMON_BLOCKS = YES;
				GCC_WARN_64_TO_32_BIT_CONVERSION = YES;
				GCC_WARN_ABOUT_RETURN_TYPE = YES_ERROR;
				GCC_WARN_UNDECLARED_SELECTOR = YES;
				GCC_WARN_UNINITIALIZED_AUTOS = YES_AGGRESSIVE;
				GCC_WARN_UNUSED_FUNCTION = YES;
				GCC_WARN_UNUSED_VARIABLE = YES;
				IPHONEOS_DEPLOYMENT_TARGET = 12.4;
				MTL_ENABLE_DEBUG_INFO = NO;
				MTL_FAST_MATH = YES;
				SDKROOT = iphoneos;
				SWIFT_COMPILATION_MODE = wholemodule;
				SWIFT_OPTIMIZATION_LEVEL = "-O";
				VALIDATE_PRODUCT = YES;
			};
			name = Release;
		};
		D51391032318FB54003401EB /* Debug */ = {
			isa = XCBuildConfiguration;
			buildSettings = {
				ASSETCATALOG_COMPILER_APPICON_NAME = AppIcon;
				CODE_SIGN_STYLE = Automatic;
				DEVELOPMENT_TEAM = ER8EZBS25Y;
				INFOPLIST_FILE = BLETooth/Info.plist;
				IPHONEOS_DEPLOYMENT_TARGET = 9.0;
				LD_RUNPATH_SEARCH_PATHS = (
					"$(inherited)",
					"@executable_path/Frameworks",
				);
				PRODUCT_BUNDLE_IDENTIFIER = com.jt.zx.BLETooth;
				PRODUCT_NAME = "$(TARGET_NAME)";
				SWIFT_VERSION = 5.0;
				TARGETED_DEVICE_FAMILY = "1,2";
			};
			name = Debug;
		};
		D51391042318FB54003401EB /* Release */ = {
			isa = XCBuildConfiguration;
			buildSettings = {
				ASSETCATALOG_COMPILER_APPICON_NAME = AppIcon;
				CODE_SIGN_STYLE = Automatic;
				DEVELOPMENT_TEAM = ER8EZBS25Y;
				INFOPLIST_FILE = BLETooth/Info.plist;
				IPHONEOS_DEPLOYMENT_TARGET = 9.0;
				LD_RUNPATH_SEARCH_PATHS = (
					"$(inherited)",
					"@executable_path/Frameworks",
				);
				PRODUCT_BUNDLE_IDENTIFIER = com.jt.zx.BLETooth;
				PRODUCT_NAME = "$(TARGET_NAME)";
				SWIFT_VERSION = 5.0;
				TARGETED_DEVICE_FAMILY = "1,2";
			};
			name = Release;
		};
/* End XCBuildConfiguration section */

/* Begin XCConfigurationList section */
		D51390EB2318FB53003401EB /* Build configuration list for PBXProject "BLETooth" */ = {
			isa = XCConfigurationList;
			buildConfigurations = (
				D51391002318FB54003401EB /* Debug */,
				D51391012318FB54003401EB /* Release */,
			);
			defaultConfigurationIsVisible = 0;
			defaultConfigurationName = Release;
		};
		D51391022318FB54003401EB /* Build configuration list for PBXNativeTarget "BLETooth" */ = {
			isa = XCConfigurationList;
			buildConfigurations = (
				D51391032318FB54003401EB /* Debug */,
				D51391042318FB54003401EB /* Release */,
			);
			defaultConfigurationIsVisible = 0;
			defaultConfigurationName = Release;
		};
/* End XCConfigurationList section */
	};
	rootObject = D51390E82318FB53003401EB /* Project object */;
}
